
Microsoft Visual Studio Solution File, Format Version 11.00
# Visual Studio 2010
Project("{FAE04EC0-301F-11D3-BF4B-00C04F79EFBC}") = "StoplichtService", "StoplichtService\StoplichtService.csproj", "{68CEA0EA-2868-45C4-9599-03E2D441A49D}"
EndProject
Project("{FAE04EC0-301F-11D3-BF4B-00C04F79EFBC}") = "StoplichtTest", "StoplichtTest\StoplichtTest.csproj", "{5B9091E7-B98D-4BC6-BB2E-74CFF094F947}"
EndProject
Project("{FAE04EC0-301F-11D3-BF4B-00C04F79EFBC}") = "DataAccessLayer", "DataAccessLayer\DataAccessLayer.csproj", "{B316A10F-8349-4C37-8085-79AB32A3FD76}"
EndProject
Global
	GlobalSection(SolutionConfigurationPlatforms) = preSolution
		CD_ROM|Any CPU = CD_ROM|Any CPU
		CD_ROM|Mixed Platforms = CD_ROM|Mixed Platforms
		CD_ROM|x86 = CD_ROM|x86
		Debug|Any CPU = Debug|Any CPU
		Debug|Mixed Platforms = Debug|Mixed Platforms
		Debug|x86 = Debug|x86
		DVD-5|Any CPU = DVD-5|Any CPU
		DVD-5|Mixed Platforms = DVD-5|Mixed Platforms
		DVD-5|x86 = DVD-5|x86
		Release|Any CPU = Release|Any CPU
		Release|Mixed Platforms = Release|Mixed Platforms
		Release|x86 = Release|x86
		SingleImage|Any CPU = SingleImage|Any CPU
		SingleImage|Mixed Platforms = SingleImage|Mixed Platforms
		SingleImage|x86 = SingleImage|x86
	EndGlobalSection
	GlobalSection(ProjectConfigurationPlatforms) = postSolution
		{68CEA0EA-2868-45C4-9599-03E2D441A49D}.CD_ROM|Any CPU.ActiveCfg = Release|x86
		{68CEA0EA-2868-45C4-9599-03E2D441A49D}.CD_ROM|Mixed Platforms.ActiveCfg = Release|x86
		{68CEA0EA-2868-45C4-9599-03E2D441A49D}.CD_ROM|Mixed Platforms.Build.0 = Release|x86
		{68CEA0EA-2868-45C4-9599-03E2D441A49D}.CD_ROM|x86.ActiveCfg = Release|x86
		{68CEA0EA-2868-45C4-9599-03E2D441A49D}.CD_ROM|x86.Build.0 = Release|x86
		{68CEA0EA-2868-45C4-9599-03E2D441A49D}.Debug|Any CPU.ActiveCfg = Debug|x86
		{68CEA0EA-2868-45C4-9599-03E2D441A49D}.Debug|Mixed Platforms.ActiveCfg = Debug|x86
		{68CEA0EA-2868-45C4-9599-03E2D441A49D}.Debug|Mixed Platforms.Build.0 = Debug|x86
		{68CEA0EA-2868-45C4-9599-03E2D441A49D}.Debug|x86.ActiveCfg = Debug|x86
		{68CEA0EA-2868-45C4-9599-03E2D441A49D}.Debug|x86.Build.0 = Debug|x86
		{68CEA0EA-2868-45C4-9599-03E2D441A49D}.DVD-5|Any CPU.ActiveCfg = Debug|x86
		{68CEA0EA-2868-45C4-9599-03E2D441A49D}.DVD-5|Mixed Platforms.ActiveCfg = Debug|x86
		{68CEA0EA-2868-45C4-9599-03E2D441A49D}.DVD-5|Mixed Platforms.Build.0 = Debug|x86
		{68CEA0EA-2868-45C4-9599-03E2D441A49D}.DVD-5|x86.ActiveCfg = Debug|x86
		{68CEA0EA-2868-45C4-9599-03E2D441A49D}.DVD-5|x86.Build.0 = Debug|x86
		{68CEA0EA-2868-45C4-9599-03E2D441A49D}.Release|Any CPU.ActiveCfg = Release|x86
		{68CEA0EA-2868-45C4-9599-03E2D441A49D}.Release|Mixed Platforms.ActiveCfg = Release|x86
		{68CEA0EA-2868-45C4-9599-03E2D441A49D}.Release|Mixed Platforms.Build.0 = Release|x86
		{68CEA0EA-2868-45C4-9599-03E2D441A49D}.Release|x86.ActiveCfg = Release|x86
		{68CEA0EA-2868-45C4-9599-03E2D441A49D}.Release|x86.Build.0 = Release|x86
		{68CEA0EA-2868-45C4-9599-03E2D441A49D}.SingleImage|Any CPU.ActiveCfg = Release|x86
		{68CEA0EA-2868-45C4-9599-03E2D441A49D}.SingleImage|Mixed Platforms.ActiveCfg = Release|x86
		{68CEA0EA-2868-45C4-9599-03E2D441A49D}.SingleImage|Mixed Platforms.Build.0 = Release|x86
		{68CEA0EA-2868-45C4-9599-03E2D441A49D}.SingleImage|x86.ActiveCfg = Release|x86
		{68CEA0EA-2868-45C4-9599-03E2D441A49D}.SingleImage|x86.Build.0 = Release|x86
		{5B9091E7-B98D-4BC6-BB2E-74CFF094F947}.CD_ROM|Any CPU.ActiveCfg = Release|x86
		{5B9091E7-B98D-4BC6-BB2E-74CFF094F947}.CD_ROM|Mixed Platforms.ActiveCfg = Release|x86
		{5B9091E7-B98D-4BC6-BB2E-74CFF094F947}.CD_ROM|Mixed Platforms.Build.0 = Release|x86
		{5B9091E7-B98D-4BC6-BB2E-74CFF094F947}.CD_ROM|x86.ActiveCfg = Release|x86
		{5B9091E7-B98D-4BC6-BB2E-74CFF094F947}.CD_ROM|x86.Build.0 = Release|x86
		{5B9091E7-B98D-4BC6-BB2E-74CFF094F947}.Debug|Any CPU.ActiveCfg = Debug|x86
		{5B9091E7-B98D-4BC6-BB2E-74CFF094F947}.Debug|Mixed Platforms.ActiveCfg = Debug|x86
		{5B9091E7-B98D-4BC6-BB2E-74CFF094F947}.Debug|Mixed Platforms.Build.0 = Debug|x86
		{5B9091E7-B98D-4BC6-BB2E-74CFF094F947}.Debug|x86.ActiveCfg = Debug|x86
		{5B9091E7-B98D-4BC6-BB2E-74CFF094F947}.Debug|x86.Build.0 = Debug|x86
		{5B9091E7-B98D-4BC6-BB2E-74CFF094F947}.DVD-5|Any CPU.ActiveCfg = Debug|x86
		{5B9091E7-B98D-4BC6-BB2E-74CFF094F947}.DVD-5|Mixed Platforms.ActiveCfg = Debug|x86
		{5B9091E7-B98D-4BC6-BB2E-74CFF094F947}.DVD-5|Mixed Platforms.Build.0 = Debug|x86
		{5B9091E7-B98D-4BC6-BB2E-74CFF094F947}.DVD-5|x86.ActiveCfg = Debug|x86
		{5B9091E7-B98D-4BC6-BB2E-74CFF094F947}.DVD-5|x86.Build.0 = Debug|x86
		{5B9091E7-B98D-4BC6-BB2E-74CFF094F947}.Release|Any CPU.ActiveCfg = Release|x86
		{5B9091E7-B98D-4BC6-BB2E-74CFF094F947}.Release|Mixed Platforms.ActiveCfg = Release|x86
		{5B9091E7-B98D-4BC6-BB2E-74CFF094F947}.Release|Mixed Platforms.Build.0 = Release|x86
		{5B9091E7-B98D-4BC6-BB2E-74CFF094F947}.Release|x86.ActiveCfg = Release|x86
		{5B9091E7-B98D-4BC6-BB2E-74CFF094F947}.Release|x86.Build.0 = Release|x86
		{5B9091E7-B98D-4BC6-BB2E-74CFF094F947}.SingleImage|Any CPU.ActiveCfg = Release|x86
		{5B9091E7-B98D-4BC6-BB2E-74CFF094F947}.SingleImage|Mixed Platforms.ActiveCfg = Release|x86
		{5B9091E7-B98D-4BC6-BB2E-74CFF094F947}.SingleImage|Mixed Platforms.Build.0 = Release|x86
		{5B9091E7-B98D-4BC6-BB2E-74CFF094F947}.SingleImage|x86.ActiveCfg = Release|x86
		{5B9091E7-B98D-4BC6-BB2E-74CFF094F947}.SingleImage|x86.Build.0 = Release|x86
		{B316A10F-8349-4C37-8085-79AB32A3FD76}.CD_ROM|Any CPU.ActiveCfg = Release|Any CPU
		{B316A10F-8349-4C37-8085-79AB32A3FD76}.CD_ROM|Any CPU.Build.0 = Release|Any CPU
		{B316A10F-8349-4C37-8085-79AB32A3FD76}.CD_ROM|Mixed Platforms.ActiveCfg = Release|Any CPU
		{B316A10F-8349-4C37-8085-79AB32A3FD76}.CD_ROM|Mixed Platforms.Build.0 = Release|Any CPU
		{B316A10F-8349-4C37-8085-79AB32A3FD76}.CD_ROM|x86.ActiveCfg = Release|Any CPU
		{B316A10F-8349-4C37-8085-79AB32A3FD76}.Debug|Any CPU.ActiveCfg = Debug|Any CPU
		{B316A10F-8349-4C37-8085-79AB32A3FD76}.Debug|Any CPU.Build.0 = Debug|Any CPU
		{B316A10F-8349-4C37-8085-79AB32A3FD76}.Debug|Mixed Platforms.ActiveCfg = Debug|Any CPU
		{B316A10F-8349-4C37-8085-79AB32A3FD76}.Debug|Mixed Platforms.Build.0 = Debug|Any CPU
		{B316A10F-8349-4C37-8085-79AB32A3FD76}.Debug|x86.ActiveCfg = Debug|Any CPU
		{B316A10F-8349-4C37-8085-79AB32A3FD76}.DVD-5|Any CPU.ActiveCfg = Debug|Any CPU
		{B316A10F-8349-4C37-8085-79AB32A3FD76}.DVD-5|Any CPU.Build.0 = Debug|Any CPU
		{B316A10F-8349-4C37-8085-79AB32A3FD76}.DVD-5|Mixed Platforms.ActiveCfg = Debug|Any CPU
		{B316A10F-8349-4C37-8085-79AB32A3FD76}.DVD-5|Mixed Platforms.Build.0 = Debug|Any CPU
		{B316A10F-8349-4C37-8085-79AB32A3FD76}.DVD-5|x86.ActiveCfg = Debug|Any CPU
		{B316A10F-8349-4C37-8085-79AB32A3FD76}.Release|Any CPU.ActiveCfg = Release|Any CPU
		{B316A10F-8349-4C37-8085-79AB32A3FD76}.Release|Any CPU.Build.0 = Release|Any CPU
		{B316A10F-8349-4C37-8085-79AB32A3FD76}.Release|Mixed Platforms.ActiveCfg = Release|Any CPU
		{B316A10F-8349-4C37-8085-79AB32A3FD76}.Release|Mixed Platforms.Build.0 = Release|Any CPU
		{B316A10F-8349-4C37-8085-79AB32A3FD76}.Release|x86.ActiveCfg = Release|Any CPU
		{B316A10F-8349-4C37-8085-79AB32A3FD76}.SingleImage|Any CPU.ActiveCfg = Release|Any CPU
		{B316A10F-8349-4C37-8085-79AB32A3FD76}.SingleImage|Any CPU.Build.0 = Release|Any CPU
		{B316A10F-8349-4C37-8085-79AB32A3FD76}.SingleImage|Mixed Platforms.ActiveCfg = Release|Any CPU
		{B316A10F-8349-4C37-8085-79AB32A3FD76}.SingleImage|Mixed Platforms.Build.0 = Release|Any CPU
		{B316A10F-8349-4C37-8085-79AB32A3FD76}.SingleImage|x86.ActiveCfg = Release|Any CPU
	EndGlobalSection
	GlobalSection(SolutionProperties) = preSolution
		HideSolutionNode = FALSE
	EndGlobalSection
EndGlobal
